
Microsoft Visual Studio Solution File, Format Version 12.00
# Visual Studio Version 16
VisualStudioVersion = 16.0.30711.63
MinimumVisualStudioVersion = 10.0.40219.1
Project("{FAE04EC0-301F-11D3-BF4B-00C04F79EFBC}") = "TCPP-Drach-MainProject", "TCPP-Drach-MainProject\TCPP-Drach-MainProject.csproj", "{DDDC4BF6-25FA-4D65-BEEE-767CE5B2AD12}"
EndProject
Global
	GlobalSection(SolutionConfigurationPlatforms) = preSolution
		Debug|Any CPU = Debug|Any CPU
		Release|Any CPU = Release|Any CPU
	EndGlobalSection
	GlobalSection(ProjectConfigurationPlatforms) = postSolution
		{DDDC4BF6-25FA-4D65-BEEE-767CE5B2AD12}.Debug|Any CPU.ActiveCfg = Debug|Any CPU
		{DDDC4BF6-25FA-4D65-BEEE-767CE5B2AD12}.Debug|Any CPU.Build.0 = Debug|Any CPU
		{DDDC4BF6-25FA-4D65-BEEE-767CE5B2AD12}.Release|Any CPU.ActiveCfg = Release|Any CPU
		{DDDC4BF6-25FA-4D65-BEEE-767CE5B2AD12}.Release|Any CPU.Build.0 = Release|Any CPU
	EndGlobalSection
	GlobalSection(SolutionProperties) = preSolution
		HideSolutionNode = FALSE
	EndGlobalSection
	GlobalSection(ExtensibilityGlobals) = postSolution
		SolutionGuid = {C2EA6215-FECF-43F9-A399-1998F6253FA3}
	EndGlobalSection
EndGlobal
